
Microsoft Visual Studio Solution File, Format Version 12.00
Project("{FAE04EC0-301F-11D3-BF4B-00C04F79EFBC}") = "password_manager", "password_manager\password_manager.csproj", "{828D570B-F4D4-44C6-845A-D2E4B0F4540C}"
EndProject
Global
	GlobalSection(SolutionConfigurationPlatforms) = preSolution
		Debug|Any CPU = Debug|Any CPU
		Release|Any CPU = Release|Any CPU
	EndGlobalSection
	GlobalSection(ProjectConfigurationPlatforms) = postSolution
		{828D570B-F4D4-44C6-845A-D2E4B0F4540C}.Debug|Any CPU.ActiveCfg = Debug|Any CPU
		{828D570B-F4D4-44C6-845A-D2E4B0F4540C}.Debug|Any CPU.Build.0 = Debug|Any CPU
		{828D570B-F4D4-44C6-845A-D2E4B0F4540C}.Release|Any CPU.ActiveCfg = Release|Any CPU
		{828D570B-F4D4-44C6-845A-D2E4B0F4540C}.Release|Any CPU.Build.0 = Release|Any CPU
	EndGlobalSection
EndGlobal
