
Microsoft Visual Studio Solution File, Format Version 12.00
Project("{FAE04EC0-301F-11D3-BF4B-00C04F79EFBC}") = "PasswordManager", "PasswordManager\PasswordManager.csproj", "{4BCB484A-0220-4B86-9C54-877914093A8B}"
EndProject
Project("{2150E333-8FDC-42A3-9474-1A3956D46DE8}") = "Solution Items", "Solution Items", "{2667E90B-681A-4737-8234-CB128646499D}"
	ProjectSection(SolutionItems) = preProject
		docker-compose.yml = docker-compose.yml
	EndProjectSection
EndProject
Global
	GlobalSection(SolutionConfigurationPlatforms) = preSolution
		Debug|Any CPU = Debug|Any CPU
		Release|Any CPU = Release|Any CPU
	EndGlobalSection
	GlobalSection(ProjectConfigurationPlatforms) = postSolution
		{4BCB484A-0220-4B86-9C54-877914093A8B}.Debug|Any CPU.ActiveCfg = Debug|Any CPU
		{4BCB484A-0220-4B86-9C54-877914093A8B}.Debug|Any CPU.Build.0 = Debug|Any CPU
		{4BCB484A-0220-4B86-9C54-877914093A8B}.Release|Any CPU.ActiveCfg = Release|Any CPU
		{4BCB484A-0220-4B86-9C54-877914093A8B}.Release|Any CPU.Build.0 = Release|Any CPU
	EndGlobalSection
EndGlobal
